// !$*UTF8*$!
{
	archiveVersion = 1;
	classes = {
	};
	objectVersion = 55;
	objects = {

/* Begin PBXBuildFile section */
		111B695328B64A90006E2BF0 /* Inter-Medium.ttf in Resources */ = {isa = PBXBuildFile; fileRef = 111B694A28B64A8F006E2BF0 /* Inter-Medium.ttf */; };
		111B695428B64A90006E2BF0 /* Inter-Light.ttf in Resources */ = {isa = PBXBuildFile; fileRef = 111B694B28B64A8F006E2BF0 /* Inter-Light.ttf */; };
		111B695528B64A90006E2BF0 /* Inter-Thin.ttf in Resources */ = {isa = PBXBuildFile; fileRef = 111B694C28B64A8F006E2BF0 /* Inter-Thin.ttf */; };
		111B695628B64A90006E2BF0 /* Inter-Bold.ttf in Resources */ = {isa = PBXBuildFile; fileRef = 111B694D28B64A8F006E2BF0 /* Inter-Bold.ttf */; };
		111B695728B64A90006E2BF0 /* Inter-Regular.ttf in Resources */ = {isa = PBXBuildFile; fileRef = 111B694E28B64A8F006E2BF0 /* Inter-Regular.ttf */; };
		111B695828B64A90006E2BF0 /* Inter-ExtraBold.ttf in Resources */ = {isa = PBXBuildFile; fileRef = 111B694F28B64A8F006E2BF0 /* Inter-ExtraBold.ttf */; };
		111B695928B64A90006E2BF0 /* Inter-ExtraLight.ttf in Resources */ = {isa = PBXBuildFile; fileRef = 111B695028B64A8F006E2BF0 /* Inter-ExtraLight.ttf */; };
		111B695A28B64A90006E2BF0 /* Inter-Black.ttf in Resources */ = {isa = PBXBuildFile; fileRef = 111B695128B64A8F006E2BF0 /* Inter-Black.ttf */; };
		111B695B28B64A90006E2BF0 /* Inter-SemiBold.ttf in Resources */ = {isa = PBXBuildFile; fileRef = 111B695228B64A8F006E2BF0 /* Inter-SemiBold.ttf */; };
		111B695E28B64EC9006E2BF0 /* Item.swift in Sources */ = {isa = PBXBuildFile; fileRef = 111B695D28B64EC9006E2BF0 /* Item.swift */; };
		111B696128B64FFD006E2BF0 /* Department.swift in Sources */ = {isa = PBXBuildFile; fileRef = 111B696028B64FFD006E2BF0 /* Department.swift */; };
		111B696328B65231006E2BF0 /* ApiProvider.swift in Sources */ = {isa = PBXBuildFile; fileRef = 111B696228B65231006E2BF0 /* ApiProvider.swift */; };
		111B696528B652DC006E2BF0 /* NetworkMonitor.swift in Sources */ = {isa = PBXBuildFile; fileRef = 111B696428B652DC006E2BF0 /* NetworkMonitor.swift */; };
		111B696828B653AD006E2BF0 /* BaseView.swift in Sources */ = {isa = PBXBuildFile; fileRef = 111B696728B653AD006E2BF0 /* BaseView.swift */; };
		111B696A28B65589006E2BF0 /* BaseViewController.swift in Sources */ = {isa = PBXBuildFile; fileRef = 111B696928B65589006E2BF0 /* BaseViewController.swift */; };
		111B696C28B65BC6006E2BF0 /* ImageResizer.swift in Sources */ = {isa = PBXBuildFile; fileRef = 111B696B28B65BC6006E2BF0 /* ImageResizer.swift */; };
		111B697428B66313006E2BF0 /* TopTabsCollectionViewCell.swift in Sources */ = {isa = PBXBuildFile; fileRef = 111B697328B66313006E2BF0 /* TopTabsCollectionViewCell.swift */; };
		111B697728B663BB006E2BF0 /* UserTableViewCell.swift in Sources */ = {isa = PBXBuildFile; fileRef = 111B697628B663BB006E2BF0 /* UserTableViewCell.swift */; };
		111B697D28B66934006E2BF0 /* SearchErrorView.swift in Sources */ = {isa = PBXBuildFile; fileRef = 111B697C28B66934006E2BF0 /* SearchErrorView.swift */; };
		111B697F28B6698E006E2BF0 /* LostInternetConnectionView.swift in Sources */ = {isa = PBXBuildFile; fileRef = 111B697E28B6698E006E2BF0 /* LostInternetConnectionView.swift */; };
		111B698128B669F4006E2BF0 /* MainRootView.swift in Sources */ = {isa = PBXBuildFile; fileRef = 111B698028B669F4006E2BF0 /* MainRootView.swift */; };
		111B698D28B674E6006E2BF0 /* PhoneView.swift in Sources */ = {isa = PBXBuildFile; fileRef = 111B698C28B674E6006E2BF0 /* PhoneView.swift */; };
		111B698F28B67518006E2BF0 /* BirthView.swift in Sources */ = {isa = PBXBuildFile; fileRef = 111B698E28B67518006E2BF0 /* BirthView.swift */; };
		111B699128B67545006E2BF0 /* ProfileView.swift in Sources */ = {isa = PBXBuildFile; fileRef = 111B699028B67545006E2BF0 /* ProfileView.swift */; };
		111B699428B675C9006E2BF0 /* ProfileViewController.swift in Sources */ = {isa = PBXBuildFile; fileRef = 111B699328B675C9006E2BF0 /* ProfileViewController.swift */; };
		111FF48328CC9A6B00CE8E0D /* UserModel.swift in Sources */ = {isa = PBXBuildFile; fileRef = 111FF48228CC9A6B00CE8E0D /* UserModel.swift */; };
		11300F2128953E5D00BC51E4 /* AppDelegate.swift in Sources */ = {isa = PBXBuildFile; fileRef = 11300F2028953E5D00BC51E4 /* AppDelegate.swift */; };
		11300F2528953E5D00BC51E4 /* MainViewController.swift in Sources */ = {isa = PBXBuildFile; fileRef = 11300F2428953E5D00BC51E4 /* MainViewController.swift */; };
		11300F2A28953E5E00BC51E4 /* Assets.xcassets in Resources */ = {isa = PBXBuildFile; fileRef = 11300F2928953E5E00BC51E4 /* Assets.xcassets */; };
		11300F2D28953E5E00BC51E4 /* LaunchScreen.storyboard in Resources */ = {isa = PBXBuildFile; fileRef = 11300F2B28953E5E00BC51E4 /* LaunchScreen.storyboard */; };
		113E079628CCD72000AC6FFB /* ProfileModel.swift in Sources */ = {isa = PBXBuildFile; fileRef = 113E079528CCD72000AC6FFB /* ProfileModel.swift */; };
		113E079928CCDCA800AC6FFB /* MainModel.swift in Sources */ = {isa = PBXBuildFile; fileRef = 113E079828CCDCA800AC6FFB /* MainModel.swift */; };
		113E079E28CD2ABE00AC6FFB /* BackBarButtonItem.swift in Sources */ = {isa = PBXBuildFile; fileRef = 113E079D28CD2ABE00AC6FFB /* BackBarButtonItem.swift */; };
		113E07A428CE71DF00AC6FFB /* SearchBar.swift in Sources */ = {isa = PBXBuildFile; fileRef = 113E07A328CE71DF00AC6FFB /* SearchBar.swift */; };
		113E07B728D2576400AC6FFB /* ImageLoader.swift in Sources */ = {isa = PBXBuildFile; fileRef = 113E07B628D2576400AC6FFB /* ImageLoader.swift */; };
		1184A27928BBC855000D9497 /* HeaderSectionView.swift in Sources */ = {isa = PBXBuildFile; fileRef = 1184A27828BBC855000D9497 /* HeaderSectionView.swift */; };
		118BBA6228BB7C2400194F05 /* SortView.swift in Sources */ = {isa = PBXBuildFile; fileRef = 118BBA6128BB7C2400194F05 /* SortView.swift */; };
		118BBA6428BB7F6800194F05 /* SortViewController.swift in Sources */ = {isa = PBXBuildFile; fileRef = 118BBA6328BB7F6800194F05 /* SortViewController.swift */; };
		EB99E55C547E01533C4ACA25 /* Pods_Coder.framework in Frameworks */ = {isa = PBXBuildFile; fileRef = A3F3461F739C725BC0E29FE4 /* Pods_Coder.framework */; };
/* End PBXBuildFile section */

/* Begin PBXFileReference section */
		111B694A28B64A8F006E2BF0 /* Inter-Medium.ttf */ = {isa = PBXFileReference; lastKnownFileType = file; path = "Inter-Medium.ttf"; sourceTree = "<group>"; };
		111B694B28B64A8F006E2BF0 /* Inter-Light.ttf */ = {isa = PBXFileReference; lastKnownFileType = file; path = "Inter-Light.ttf"; sourceTree = "<group>"; };
		111B694C28B64A8F006E2BF0 /* Inter-Thin.ttf */ = {isa = PBXFileReference; lastKnownFileType = file; path = "Inter-Thin.ttf"; sourceTree = "<group>"; };
		111B694D28B64A8F006E2BF0 /* Inter-Bold.ttf */ = {isa = PBXFileReference; lastKnownFileType = file; path = "Inter-Bold.ttf"; sourceTree = "<group>"; };
		111B694E28B64A8F006E2BF0 /* Inter-Regular.ttf */ = {isa = PBXFileReference; lastKnownFileType = file; path = "Inter-Regular.ttf"; sourceTree = "<group>"; };
		111B694F28B64A8F006E2BF0 /* Inter-ExtraBold.ttf */ = {isa = PBXFileReference; lastKnownFileType = file; path = "Inter-ExtraBold.ttf"; sourceTree = "<group>"; };
		111B695028B64A8F006E2BF0 /* Inter-ExtraLight.ttf */ = {isa = PBXFileReference; lastKnownFileType = file; path = "Inter-ExtraLight.ttf"; sourceTree = "<group>"; };
		111B695128B64A8F006E2BF0 /* Inter-Black.ttf */ = {isa = PBXFileReference; lastKnownFileType = file; path = "Inter-Black.ttf"; sourceTree = "<group>"; };
		111B695228B64A8F006E2BF0 /* Inter-SemiBold.ttf */ = {isa = PBXFileReference; lastKnownFileType = file; path = "Inter-SemiBold.ttf"; sourceTree = "<group>"; };
		111B695D28B64EC9006E2BF0 /* Item.swift */ = {isa = PBXFileReference; lastKnownFileType = sourcecode.swift; path = Item.swift; sourceTree = "<group>"; };
		111B696028B64FFD006E2BF0 /* Department.swift */ = {isa = PBXFileReference; lastKnownFileType = sourcecode.swift; path = Department.swift; sourceTree = "<group>"; };
		111B696228B65231006E2BF0 /* ApiProvider.swift */ = {isa = PBXFileReference; lastKnownFileType = sourcecode.swift; path = ApiProvider.swift; sourceTree = "<group>"; };
		111B696428B652DC006E2BF0 /* NetworkMonitor.swift */ = {isa = PBXFileReference; lastKnownFileType = sourcecode.swift; path = NetworkMonitor.swift; sourceTree = "<group>"; };
		111B696728B653AD006E2BF0 /* BaseView.swift */ = {isa = PBXFileReference; lastKnownFileType = sourcecode.swift; path = BaseView.swift; sourceTree = "<group>"; };
		111B696928B65589006E2BF0 /* BaseViewController.swift */ = {isa = PBXFileReference; lastKnownFileType = sourcecode.swift; path = BaseViewController.swift; sourceTree = "<group>"; };
		111B696B28B65BC6006E2BF0 /* ImageResizer.swift */ = {isa = PBXFileReference; lastKnownFileType = sourcecode.swift; path = ImageResizer.swift; sourceTree = "<group>"; };
		111B697328B66313006E2BF0 /* TopTabsCollectionViewCell.swift */ = {isa = PBXFileReference; lastKnownFileType = sourcecode.swift; path = TopTabsCollectionViewCell.swift; sourceTree = "<group>"; };
		111B697628B663BB006E2BF0 /* UserTableViewCell.swift */ = {isa = PBXFileReference; lastKnownFileType = sourcecode.swift; path = UserTableViewCell.swift; sourceTree = "<group>"; };
		111B697C28B66934006E2BF0 /* SearchErrorView.swift */ = {isa = PBXFileReference; lastKnownFileType = sourcecode.swift; path = SearchErrorView.swift; sourceTree = "<group>"; };
		111B697E28B6698E006E2BF0 /* LostInternetConnectionView.swift */ = {isa = PBXFileReference; lastKnownFileType = sourcecode.swift; path = LostInternetConnectionView.swift; sourceTree = "<group>"; };
		111B698028B669F4006E2BF0 /* MainRootView.swift */ = {isa = PBXFileReference; lastKnownFileType = sourcecode.swift; path = MainRootView.swift; sourceTree = "<group>"; };
		111B698C28B674E6006E2BF0 /* PhoneView.swift */ = {isa = PBXFileReference; lastKnownFileType = sourcecode.swift; path = PhoneView.swift; sourceTree = "<group>"; };
		111B698E28B67518006E2BF0 /* BirthView.swift */ = {isa = PBXFileReference; lastKnownFileType = sourcecode.swift; path = BirthView.swift; sourceTree = "<group>"; };
		111B699028B67545006E2BF0 /* ProfileView.swift */ = {isa = PBXFileReference; lastKnownFileType = sourcecode.swift; path = ProfileView.swift; sourceTree = "<group>"; };
		111B699328B675C9006E2BF0 /* ProfileViewController.swift */ = {isa = PBXFileReference; lastKnownFileType = sourcecode.swift; path = ProfileViewController.swift; sourceTree = "<group>"; };
		111FF48228CC9A6B00CE8E0D /* UserModel.swift */ = {isa = PBXFileReference; lastKnownFileType = sourcecode.swift; path = UserModel.swift; sourceTree = "<group>"; };
		11300F1D28953E5D00BC51E4 /* Coder.app */ = {isa = PBXFileReference; explicitFileType = wrapper.application; includeInIndex = 0; path = Coder.app; sourceTree = BUILT_PRODUCTS_DIR; };
		11300F2028953E5D00BC51E4 /* AppDelegate.swift */ = {isa = PBXFileReference; lastKnownFileType = sourcecode.swift; path = AppDelegate.swift; sourceTree = "<group>"; };
		11300F2428953E5D00BC51E4 /* MainViewController.swift */ = {isa = PBXFileReference; lastKnownFileType = sourcecode.swift; path = MainViewController.swift; sourceTree = "<group>"; };
		11300F2928953E5E00BC51E4 /* Assets.xcassets */ = {isa = PBXFileReference; lastKnownFileType = folder.assetcatalog; path = Assets.xcassets; sourceTree = "<group>"; };
		11300F2C28953E5E00BC51E4 /* Base */ = {isa = PBXFileReference; lastKnownFileType = file.storyboard; name = Base; path = Base.lproj/LaunchScreen.storyboard; sourceTree = "<group>"; };
		11300F2E28953E5E00BC51E4 /* Info.plist */ = {isa = PBXFileReference; lastKnownFileType = text.plist.xml; path = Info.plist; sourceTree = "<group>"; };
		113E079528CCD72000AC6FFB /* ProfileModel.swift */ = {isa = PBXFileReference; lastKnownFileType = sourcecode.swift; path = ProfileModel.swift; sourceTree = "<group>"; };
		113E079828CCDCA800AC6FFB /* MainModel.swift */ = {isa = PBXFileReference; lastKnownFileType = sourcecode.swift; path = MainModel.swift; sourceTree = "<group>"; };
		113E079D28CD2ABE00AC6FFB /* BackBarButtonItem.swift */ = {isa = PBXFileReference; lastKnownFileType = sourcecode.swift; path = BackBarButtonItem.swift; sourceTree = "<group>"; };
		113E07A328CE71DF00AC6FFB /* SearchBar.swift */ = {isa = PBXFileReference; lastKnownFileType = sourcecode.swift; path = SearchBar.swift; sourceTree = "<group>"; };
		113E07B628D2576400AC6FFB /* ImageLoader.swift */ = {isa = PBXFileReference; lastKnownFileType = sourcecode.swift; path = ImageLoader.swift; sourceTree = "<group>"; };
		1184A27828BBC855000D9497 /* HeaderSectionView.swift */ = {isa = PBXFileReference; lastKnownFileType = sourcecode.swift; path = HeaderSectionView.swift; sourceTree = "<group>"; };
		118BBA6128BB7C2400194F05 /* SortView.swift */ = {isa = PBXFileReference; lastKnownFileType = sourcecode.swift; path = SortView.swift; sourceTree = "<group>"; };
		118BBA6328BB7F6800194F05 /* SortViewController.swift */ = {isa = PBXFileReference; lastKnownFileType = sourcecode.swift; path = SortViewController.swift; sourceTree = "<group>"; };
		2AA1B1ACAFDF163FFF069568 /* Pods-Coder.debug.xcconfig */ = {isa = PBXFileReference; includeInIndex = 1; lastKnownFileType = text.xcconfig; name = "Pods-Coder.debug.xcconfig"; path = "Target Support Files/Pods-Coder/Pods-Coder.debug.xcconfig"; sourceTree = "<group>"; };
		A3F3461F739C725BC0E29FE4 /* Pods_Coder.framework */ = {isa = PBXFileReference; explicitFileType = wrapper.framework; includeInIndex = 0; path = Pods_Coder.framework; sourceTree = BUILT_PRODUCTS_DIR; };
		DE667551734BA2BD261D694C /* Pods-Coder.release.xcconfig */ = {isa = PBXFileReference; includeInIndex = 1; lastKnownFileType = text.xcconfig; name = "Pods-Coder.release.xcconfig"; path = "Target Support Files/Pods-Coder/Pods-Coder.release.xcconfig"; sourceTree = "<group>"; };
/* End PBXFileReference section */

/* Begin PBXFrameworksBuildPhase section */
		11300F1A28953E5D00BC51E4 /* Frameworks */ = {
			isa = PBXFrameworksBuildPhase;
			buildActionMask = 2147483647;
			files = (
				EB99E55C547E01533C4ACA25 /* Pods_Coder.framework in Frameworks */,
			);
			runOnlyForDeploymentPostprocessing = 0;
		};
/* End PBXFrameworksBuildPhase section */

/* Begin PBXGroup section */
		111B694828B64A80006E2BF0 /* Resources */ = {
			isa = PBXGroup;
			children = (
				11300F2B28953E5E00BC51E4 /* LaunchScreen.storyboard */,
				11300F2E28953E5E00BC51E4 /* Info.plist */,
				11300F2928953E5E00BC51E4 /* Assets.xcassets */,
				111B694928B64A8F006E2BF0 /* Fonts */,
			);
			path = Resources;
			sourceTree = "<group>";
		};
		111B694928B64A8F006E2BF0 /* Fonts */ = {
			isa = PBXGroup;
			children = (
				111B694A28B64A8F006E2BF0 /* Inter-Medium.ttf */,
				111B694B28B64A8F006E2BF0 /* Inter-Light.ttf */,
				111B694C28B64A8F006E2BF0 /* Inter-Thin.ttf */,
				111B694D28B64A8F006E2BF0 /* Inter-Bold.ttf */,
				111B694E28B64A8F006E2BF0 /* Inter-Regular.ttf */,
				111B694F28B64A8F006E2BF0 /* Inter-ExtraBold.ttf */,
				111B695028B64A8F006E2BF0 /* Inter-ExtraLight.ttf */,
				111B695128B64A8F006E2BF0 /* Inter-Black.ttf */,
				111B695228B64A8F006E2BF0 /* Inter-SemiBold.ttf */,
			);
			name = Fonts;
			path = Coder/Fonts;
			sourceTree = SOURCE_ROOT;
		};
		111B695C28B64E89006E2BF0 /* DataModel */ = {
			isa = PBXGroup;
			children = (
				111B695D28B64EC9006E2BF0 /* Item.swift */,
				111B696028B64FFD006E2BF0 /* Department.swift */,
				111FF48228CC9A6B00CE8E0D /* UserModel.swift */,
			);
			name = DataModel;
			path = ..;
			sourceTree = "<group>";
		};
		111B695F28B64EDA006E2BF0 /* API */ = {
			isa = PBXGroup;
			children = (
				111B695C28B64E89006E2BF0 /* DataModel */,
				111B696228B65231006E2BF0 /* ApiProvider.swift */,
				111B696428B652DC006E2BF0 /* NetworkMonitor.swift */,
				113E07B628D2576400AC6FFB /* ImageLoader.swift */,
			);
			name = API;
			path = DataModel/API;
			sourceTree = "<group>";
		};
		111B696628B65384006E2BF0 /* Supporting */ = {
			isa = PBXGroup;
			children = (
				111B696728B653AD006E2BF0 /* BaseView.swift */,
				111B696928B65589006E2BF0 /* BaseViewController.swift */,
				111B696B28B65BC6006E2BF0 /* ImageResizer.swift */,
			);
			path = Supporting;
			sourceTree = "<group>";
		};
		111B696D28B65F9F006E2BF0 /* Modules */ = {
			isa = PBXGroup;
			children = (
				113E07A028CE141E00AC6FFB /* SortScreen */,
				111B696E28B65FBB006E2BF0 /* MainScreen */,
				111B698A28B674A7006E2BF0 /* ProfileScreen */,
			);
			path = Modules;
			sourceTree = "<group>";
		};
		111B696E28B65FBB006E2BF0 /* MainScreen */ = {
			isa = PBXGroup;
			children = (
				113E079728CCDC8B00AC6FFB /* Model */,
				111B696F28B65FCB006E2BF0 /* Controllers */,
				111B697028B65FD9006E2BF0 /* Views */,
			);
			path = MainScreen;
			sourceTree = "<group>";
		};
		111B696F28B65FCB006E2BF0 /* Controllers */ = {
			isa = PBXGroup;
			children = (
				11300F2428953E5D00BC51E4 /* MainViewController.swift */,
			);
			path = Controllers;
			sourceTree = "<group>";
		};
		111B697028B65FD9006E2BF0 /* Views */ = {
			isa = PBXGroup;
			children = (
				111B697528B6631B006E2BF0 /* Cells */,
				111B698028B669F4006E2BF0 /* MainRootView.swift */,
				113E07A328CE71DF00AC6FFB /* SearchBar.swift */,
				111B697C28B66934006E2BF0 /* SearchErrorView.swift */,
				111B697E28B6698E006E2BF0 /* LostInternetConnectionView.swift */,
				1184A27828BBC855000D9497 /* HeaderSectionView.swift */,
			);
			path = Views;
			sourceTree = "<group>";
		};
		111B697528B6631B006E2BF0 /* Cells */ = {
			isa = PBXGroup;
			children = (
				111B697328B66313006E2BF0 /* TopTabsCollectionViewCell.swift */,
				111B697628B663BB006E2BF0 /* UserTableViewCell.swift */,
			);
			path = Cells;
			sourceTree = "<group>";
		};
		111B698A28B674A7006E2BF0 /* ProfileScreen */ = {
			isa = PBXGroup;
			children = (
				113E079428CCD71000AC6FFB /* Model */,
				111B699228B675AC006E2BF0 /* Controllers */,
				111B698B28B674D1006E2BF0 /* Views */,
			);
			path = ProfileScreen;
			sourceTree = "<group>";
		};
		111B698B28B674D1006E2BF0 /* Views */ = {
			isa = PBXGroup;
			children = (
				113E079F28CD2CC000AC6FFB /* Cells */,
				111B699028B67545006E2BF0 /* ProfileView.swift */,
				111B698C28B674E6006E2BF0 /* PhoneView.swift */,
				111B698E28B67518006E2BF0 /* BirthView.swift */,
			);
			path = Views;
			sourceTree = "<group>";
		};
		111B699228B675AC006E2BF0 /* Controllers */ = {
			isa = PBXGroup;
			children = (
				111B699328B675C9006E2BF0 /* ProfileViewController.swift */,
			);
			path = Controllers;
			sourceTree = "<group>";
		};
		11300F1428953E5D00BC51E4 = {
			isa = PBXGroup;
			children = (
				11300F1F28953E5D00BC51E4 /* Coder */,
				11300F1E28953E5D00BC51E4 /* Products */,
				4049CF99DA23E4E7B3E3BFF4 /* Pods */,
				9FABC8F51D56D8A0B027E1DC /* Frameworks */,
			);
			sourceTree = "<group>";
		};
		11300F1E28953E5D00BC51E4 /* Products */ = {
			isa = PBXGroup;
			children = (
				11300F1D28953E5D00BC51E4 /* Coder.app */,
			);
			name = Products;
			sourceTree = "<group>";
		};
		11300F1F28953E5D00BC51E4 /* Coder */ = {
			isa = PBXGroup;
			children = (
				11300F2028953E5D00BC51E4 /* AppDelegate.swift */,
				111B695F28B64EDA006E2BF0 /* API */,
				111B696D28B65F9F006E2BF0 /* Modules */,
				111B696628B65384006E2BF0 /* Supporting */,
				111B694828B64A80006E2BF0 /* Resources */,
			);
			path = Coder;
			sourceTree = "<group>";
		};
		113E079428CCD71000AC6FFB /* Model */ = {
			isa = PBXGroup;
			children = (
				113E079528CCD72000AC6FFB /* ProfileModel.swift */,
			);
			path = Model;
			sourceTree = "<group>";
		};
		113E079728CCDC8B00AC6FFB /* Model */ = {
			isa = PBXGroup;
			children = (
				113E079828CCDCA800AC6FFB /* MainModel.swift */,
			);
			path = Model;
			sourceTree = "<group>";
		};
		113E079F28CD2CC000AC6FFB /* Cells */ = {
			isa = PBXGroup;
			children = (
				113E079D28CD2ABE00AC6FFB /* BackBarButtonItem.swift */,
			);
			path = Cells;
			sourceTree = "<group>";
		};
		113E07A028CE141E00AC6FFB /* SortScreen */ = {
			isa = PBXGroup;
			children = (
				113E07A228CE143E00AC6FFB /* Controllers */,
				113E07A128CE143100AC6FFB /* Views */,
			);
			path = SortScreen;
			sourceTree = "<group>";
		};
		113E07A128CE143100AC6FFB /* Views */ = {
			isa = PBXGroup;
			children = (
				118BBA6128BB7C2400194F05 /* SortView.swift */,
			);
			path = Views;
			sourceTree = "<group>";
		};
		113E07A228CE143E00AC6FFB /* Controllers */ = {
			isa = PBXGroup;
			children = (
				118BBA6328BB7F6800194F05 /* SortViewController.swift */,
			);
			path = Controllers;
			sourceTree = "<group>";
		};
		4049CF99DA23E4E7B3E3BFF4 /* Pods */ = {
			isa = PBXGroup;
			children = (
				2AA1B1ACAFDF163FFF069568 /* Pods-Coder.debug.xcconfig */,
				DE667551734BA2BD261D694C /* Pods-Coder.release.xcconfig */,
			);
			path = Pods;
			sourceTree = "<group>";
		};
		9FABC8F51D56D8A0B027E1DC /* Frameworks */ = {
			isa = PBXGroup;
			children = (
				A3F3461F739C725BC0E29FE4 /* Pods_Coder.framework */,
			);
			name = Frameworks;
			sourceTree = "<group>";
		};
/* End PBXGroup section */

/* Begin PBXNativeTarget section */
		11300F1C28953E5D00BC51E4 /* Coder */ = {
			isa = PBXNativeTarget;
			buildConfigurationList = 11300F3128953E5E00BC51E4 /* Build configuration list for PBXNativeTarget "Coder" */;
			buildPhases = (
				3C77E1F8C150AF3FC3EB196F /* [CP] Check Pods Manifest.lock */,
				111B691C28B63FE3006E2BF0 /* ShellScript */,
				11300F1928953E5D00BC51E4 /* Sources */,
				11300F1A28953E5D00BC51E4 /* Frameworks */,
				11300F1B28953E5D00BC51E4 /* Resources */,
			);
			buildRules = (
			);
			dependencies = (
			);
			name = Coder;
			productName = Coder;
			productReference = 11300F1D28953E5D00BC51E4 /* Coder.app */;
			productType = "com.apple.product-type.application";
		};
/* End PBXNativeTarget section */

/* Begin PBXProject section */
		11300F1528953E5D00BC51E4 /* Project object */ = {
			isa = PBXProject;
			attributes = {
				BuildIndependentTargetsInParallel = 1;
				LastSwiftUpdateCheck = 1340;
				LastUpgradeCheck = 1340;
				TargetAttributes = {
					11300F1C28953E5D00BC51E4 = {
						CreatedOnToolsVersion = 13.4.1;
					};
				};
			};
			buildConfigurationList = 11300F1828953E5D00BC51E4 /* Build configuration list for PBXProject "Coder" */;
			compatibilityVersion = "Xcode 13.0";
			developmentRegion = en;
			hasScannedForEncodings = 0;
			knownRegions = (
				en,
				Base,
			);
			mainGroup = 11300F1428953E5D00BC51E4;
			productRefGroup = 11300F1E28953E5D00BC51E4 /* Products */;
			projectDirPath = "";
			projectRoot = "";
			targets = (
				11300F1C28953E5D00BC51E4 /* Coder */,
			);
		};
/* End PBXProject section */

/* Begin PBXResourcesBuildPhase section */
		11300F1B28953E5D00BC51E4 /* Resources */ = {
			isa = PBXResourcesBuildPhase;
			buildActionMask = 2147483647;
			files = (
				111B695628B64A90006E2BF0 /* Inter-Bold.ttf in Resources */,
				11300F2D28953E5E00BC51E4 /* LaunchScreen.storyboard in Resources */,
				11300F2A28953E5E00BC51E4 /* Assets.xcassets in Resources */,
				111B695B28B64A90006E2BF0 /* Inter-SemiBold.ttf in Resources */,
				111B695828B64A90006E2BF0 /* Inter-ExtraBold.ttf in Resources */,
				111B695428B64A90006E2BF0 /* Inter-Light.ttf in Resources */,
				111B695528B64A90006E2BF0 /* Inter-Thin.ttf in Resources */,
				111B695328B64A90006E2BF0 /* Inter-Medium.ttf in Resources */,
				111B695A28B64A90006E2BF0 /* Inter-Black.ttf in Resources */,
				111B695928B64A90006E2BF0 /* Inter-ExtraLight.ttf in Resources */,
				111B695728B64A90006E2BF0 /* Inter-Regular.ttf in Resources */,
			);
			runOnlyForDeploymentPostprocessing = 0;
		};
/* End PBXResourcesBuildPhase section */

/* Begin PBXShellScriptBuildPhase section */
		111B691C28B63FE3006E2BF0 /* ShellScript */ = {
			isa = PBXShellScriptBuildPhase;
			alwaysOutOfDate = 1;
			buildActionMask = 12;
			files = (
			);
			inputFileListPaths = (
			);
			inputPaths = (
			);
			outputFileListPaths = (
			);
			outputPaths = (
			);
			runOnlyForDeploymentPostprocessing = 0;
			shellPath = /bin/sh;
			shellScript = "${PODS_ROOT}/SwiftLint/swiftlint\n";
		};
		3C77E1F8C150AF3FC3EB196F /* [CP] Check Pods Manifest.lock */ = {
			isa = PBXShellScriptBuildPhase;
			buildActionMask = 2147483647;
			files = (
			);
			inputFileListPaths = (
			);
			inputPaths = (
				"${PODS_PODFILE_DIR_PATH}/Podfile.lock",
				"${PODS_ROOT}/Manifest.lock",
			);
			name = "[CP] Check Pods Manifest.lock";
			outputFileListPaths = (
			);
			outputPaths = (
				"$(DERIVED_FILE_DIR)/Pods-Coder-checkManifestLockResult.txt",
			);
			runOnlyForDeploymentPostprocessing = 0;
			shellPath = /bin/sh;
			shellScript = "diff \"${PODS_PODFILE_DIR_PATH}/Podfile.lock\" \"${PODS_ROOT}/Manifest.lock\" > /dev/null\nif [ $? != 0 ] ; then\n    # print error to STDERR\n    echo \"error: The sandbox is not in sync with the Podfile.lock. Run 'pod install' or update your CocoaPods installation.\" >&2\n    exit 1\nfi\n# This output is used by Xcode 'outputs' to avoid re-running this script phase.\necho \"SUCCESS\" > \"${SCRIPT_OUTPUT_FILE_0}\"\n";
			showEnvVarsInLog = 0;
		};
/* End PBXShellScriptBuildPhase section */

/* Begin PBXSourcesBuildPhase section */
		11300F1928953E5D00BC51E4 /* Sources */ = {
			isa = PBXSourcesBuildPhase;
			buildActionMask = 2147483647;
			files = (
				1184A27928BBC855000D9497 /* HeaderSectionView.swift in Sources */,
				111B695E28B64EC9006E2BF0 /* Item.swift in Sources */,
				111B696528B652DC006E2BF0 /* NetworkMonitor.swift in Sources */,
				111B698128B669F4006E2BF0 /* MainRootView.swift in Sources */,
				111B698F28B67518006E2BF0 /* BirthView.swift in Sources */,
				113E07B728D2576400AC6FFB /* ImageLoader.swift in Sources */,
				111B696128B64FFD006E2BF0 /* Department.swift in Sources */,
				111B696328B65231006E2BF0 /* ApiProvider.swift in Sources */,
				111B696828B653AD006E2BF0 /* BaseView.swift in Sources */,
				113E079E28CD2ABE00AC6FFB /* BackBarButtonItem.swift in Sources */,
				113E079928CCDCA800AC6FFB /* MainModel.swift in Sources */,
				111B697728B663BB006E2BF0 /* UserTableViewCell.swift in Sources */,
				111B696A28B65589006E2BF0 /* BaseViewController.swift in Sources */,
				111FF48328CC9A6B00CE8E0D /* UserModel.swift in Sources */,
				113E07A428CE71DF00AC6FFB /* SearchBar.swift in Sources */,
				111B699128B67545006E2BF0 /* ProfileView.swift in Sources */,
				118BBA6428BB7F6800194F05 /* SortViewController.swift in Sources */,
				118BBA6228BB7C2400194F05 /* SortView.swift in Sources */,
				111B697F28B6698E006E2BF0 /* LostInternetConnectionView.swift in Sources */,
				11300F2528953E5D00BC51E4 /* MainViewController.swift in Sources */,
				111B699428B675C9006E2BF0 /* ProfileViewController.swift in Sources */,
				111B696C28B65BC6006E2BF0 /* ImageResizer.swift in Sources */,
				111B697D28B66934006E2BF0 /* SearchErrorView.swift in Sources */,
				113E079628CCD72000AC6FFB /* ProfileModel.swift in Sources */,
				111B697428B66313006E2BF0 /* TopTabsCollectionViewCell.swift in Sources */,
				11300F2128953E5D00BC51E4 /* AppDelegate.swift in Sources */,
				111B698D28B674E6006E2BF0 /* PhoneView.swift in Sources */,
			);
			runOnlyForDeploymentPostprocessing = 0;
		};
/* End PBXSourcesBuildPhase section */

/* Begin PBXVariantGroup section */
		11300F2B28953E5E00BC51E4 /* LaunchScreen.storyboard */ = {
			isa = PBXVariantGroup;
			children = (
				11300F2C28953E5E00BC51E4 /* Base */,
			);
			name = LaunchScreen.storyboard;
			sourceTree = "<group>";
		};
/* End PBXVariantGroup section */

/* Begin XCBuildConfiguration section */
		11300F2F28953E5E00BC51E4 /* Debug */ = {
			isa = XCBuildConfiguration;
			buildSettings = {
				ALWAYS_SEARCH_USER_PATHS = NO;
				CLANG_ANALYZER_NONNULL = YES;
				CLANG_ANALYZER_NUMBER_OBJECT_CONVERSION = YES_AGGRESSIVE;
				CLANG_CXX_LANGUAGE_STANDARD = "gnu++17";
				CLANG_ENABLE_MODULES = YES;
				CLANG_ENABLE_OBJC_ARC = YES;
				CLANG_ENABLE_OBJC_WEAK = YES;
				CLANG_WARN_BLOCK_CAPTURE_AUTORELEASING = YES;
				CLANG_WARN_BOOL_CONVERSION = YES;
				CLANG_WARN_COMMA = YES;
				CLANG_WARN_CONSTANT_CONVERSION = YES;
				CLANG_WARN_DEPRECATED_OBJC_IMPLEMENTATIONS = YES;
				CLANG_WARN_DIRECT_OBJC_ISA_USAGE = YES_ERROR;
				CLANG_WARN_DOCUMENTATION_COMMENTS = YES;
				CLANG_WARN_EMPTY_BODY = YES;
				CLANG_WARN_ENUM_CONVERSION = YES;
				CLANG_WARN_INFINITE_RECURSION = YES;
				CLANG_WARN_INT_CONVERSION = YES;
				CLANG_WARN_NON_LITERAL_NULL_CONVERSION = YES;
				CLANG_WARN_OBJC_IMPLICIT_RETAIN_SELF = YES;
				CLANG_WARN_OBJC_LITERAL_CONVERSION = YES;
				CLANG_WARN_OBJC_ROOT_CLASS = YES_ERROR;
				CLANG_WARN_QUOTED_INCLUDE_IN_FRAMEWORK_HEADER = YES;
				CLANG_WARN_RANGE_LOOP_ANALYSIS = YES;
				CLANG_WARN_STRICT_PROTOTYPES = YES;
				CLANG_WARN_SUSPICIOUS_MOVE = YES;
				CLANG_WARN_UNGUARDED_AVAILABILITY = YES_AGGRESSIVE;
				CLANG_WARN_UNREACHABLE_CODE = YES;
				CLANG_WARN__DUPLICATE_METHOD_MATCH = YES;
				COPY_PHASE_STRIP = NO;
				DEBUG_INFORMATION_FORMAT = dwarf;
				ENABLE_STRICT_OBJC_MSGSEND = YES;
				ENABLE_TESTABILITY = YES;
				GCC_C_LANGUAGE_STANDARD = gnu11;
				GCC_DYNAMIC_NO_PIC = NO;
				GCC_NO_COMMON_BLOCKS = YES;
				GCC_OPTIMIZATION_LEVEL = 0;
				GCC_PREPROCESSOR_DEFINITIONS = (
					"DEBUG=1",
					"$(inherited)",
				);
				GCC_WARN_64_TO_32_BIT_CONVERSION = YES;
				GCC_WARN_ABOUT_RETURN_TYPE = YES_ERROR;
				GCC_WARN_UNDECLARED_SELECTOR = YES;
				GCC_WARN_UNINITIALIZED_AUTOS = YES_AGGRESSIVE;
				GCC_WARN_UNUSED_FUNCTION = YES;
				GCC_WARN_UNUSED_VARIABLE = YES;
				IPHONEOS_DEPLOYMENT_TARGET = 13.0;
				MTL_ENABLE_DEBUG_INFO = INCLUDE_SOURCE;
				MTL_FAST_MATH = YES;
				ONLY_ACTIVE_ARCH = YES;
				SDKROOT = iphoneos;
				SWIFT_ACTIVE_COMPILATION_CONDITIONS = DEBUG;
				SWIFT_OPTIMIZATION_LEVEL = "-Onone";
			};
			name = Debug;
		};
		11300F3028953E5E00BC51E4 /* Release */ = {
			isa = XCBuildConfiguration;
			buildSettings = {
				ALWAYS_SEARCH_USER_PATHS = NO;
				CLANG_ANALYZER_NONNULL = YES;
				CLANG_ANALYZER_NUMBER_OBJECT_CONVERSION = YES_AGGRESSIVE;
				CLANG_CXX_LANGUAGE_STANDARD = "gnu++17";
				CLANG_ENABLE_MODULES = YES;
				CLANG_ENABLE_OBJC_ARC = YES;
				CLANG_ENABLE_OBJC_WEAK = YES;
				CLANG_WARN_BLOCK_CAPTURE_AUTORELEASING = YES;
				CLANG_WARN_BOOL_CONVERSION = YES;
				CLANG_WARN_COMMA = YES;
				CLANG_WARN_CONSTANT_CONVERSION = YES;
				CLANG_WARN_DEPRECATED_OBJC_IMPLEMENTATIONS = YES;
				CLANG_WARN_DIRECT_OBJC_ISA_USAGE = YES_ERROR;
				CLANG_WARN_DOCUMENTATION_COMMENTS = YES;
				CLANG_WARN_EMPTY_BODY = YES;
				CLANG_WARN_ENUM_CONVERSION = YES;
				CLANG_WARN_INFINITE_RECURSION = YES;
				CLANG_WARN_INT_CONVERSION = YES;
				CLANG_WARN_NON_LITERAL_NULL_CONVERSION = YES;
				CLANG_WARN_OBJC_IMPLICIT_RETAIN_SELF = YES;
				CLANG_WARN_OBJC_LITERAL_CONVERSION = YES;
				CLANG_WARN_OBJC_ROOT_CLASS = YES_ERROR;
				CLANG_WARN_QUOTED_INCLUDE_IN_FRAMEWORK_HEADER = YES;
				CLANG_WARN_RANGE_LOOP_ANALYSIS = YES;
				CLANG_WARN_STRICT_PROTOTYPES = YES;
				CLANG_WARN_SUSPICIOUS_MOVE = YES;
				CLANG_WARN_UNGUARDED_AVAILABILITY = YES_AGGRESSIVE;
				CLANG_WARN_UNREACHABLE_CODE = YES;
				CLANG_WARN__DUPLICATE_METHOD_MATCH = YES;
				COPY_PHASE_STRIP = NO;
				DEBUG_INFORMATION_FORMAT = "dwarf-with-dsym";
				ENABLE_NS_ASSERTIONS = NO;
				ENABLE_STRICT_OBJC_MSGSEND = YES;
				GCC_C_LANGUAGE_STANDARD = gnu11;
				GCC_NO_COMMON_BLOCKS = YES;
				GCC_WARN_64_TO_32_BIT_CONVERSION = YES;
				GCC_WARN_ABOUT_RETURN_TYPE = YES_ERROR;
				GCC_WARN_UNDECLARED_SELECTOR = YES;
				GCC_WARN_UNINITIALIZED_AUTOS = YES_AGGRESSIVE;
				GCC_WARN_UNUSED_FUNCTION = YES;
				GCC_WARN_UNUSED_VARIABLE = YES;
				IPHONEOS_DEPLOYMENT_TARGET = 13.0;
				MTL_ENABLE_DEBUG_INFO = NO;
				MTL_FAST_MATH = YES;
				SDKROOT = iphoneos;
				SWIFT_COMPILATION_MODE = wholemodule;
				SWIFT_OPTIMIZATION_LEVEL = "-O";
				VALIDATE_PRODUCT = YES;
			};
			name = Release;
		};
		11300F3228953E5E00BC51E4 /* Debug */ = {
			isa = XCBuildConfiguration;
			baseConfigurationReference = 2AA1B1ACAFDF163FFF069568 /* Pods-Coder.debug.xcconfig */;
			buildSettings = {
				ASSETCATALOG_COMPILER_APPICON_NAME = AppIcon;
				ASSETCATALOG_COMPILER_GLOBAL_ACCENT_COLOR_NAME = AccentColor;
				CODE_SIGN_STYLE = Automatic;
				CURRENT_PROJECT_VERSION = 1;
				DEVELOPMENT_TEAM = 3V6USXUV59;
				GENERATE_INFOPLIST_FILE = YES;
				INFOPLIST_FILE = Coder/Resources/Info.plist;
				INFOPLIST_KEY_UIApplicationSupportsIndirectInputEvents = YES;
				INFOPLIST_KEY_UILaunchStoryboardName = LaunchScreen;
				INFOPLIST_KEY_UISupportedInterfaceOrientations = UIInterfaceOrientationPortrait;
				INFOPLIST_KEY_UISupportedInterfaceOrientations_iPad = "UIInterfaceOrientationPortrait UIInterfaceOrientationPortraitUpsideDown UIInterfaceOrientationLandscapeLeft UIInterfaceOrientationLandscapeRight";
				INFOPLIST_KEY_UISupportedInterfaceOrientations_iPhone = "UIInterfaceOrientationPortrait UIInterfaceOrientationLandscapeLeft UIInterfaceOrientationLandscapeRight";
				IPHONEOS_DEPLOYMENT_TARGET = 13.0;
				LD_RUNPATH_SEARCH_PATHS = (
					"$(inherited)",
					"@executable_path/Frameworks",
				);
				MARKETING_VERSION = 1.0;
				PRODUCT_BUNDLE_IDENTIFIER = com.nick.Coder;
				PRODUCT_NAME = "$(TARGET_NAME)";
				SWIFT_EMIT_LOC_STRINGS = YES;
				SWIFT_VERSION = 5.0;
				TARGETED_DEVICE_FAMILY = 1;
			};
			name = Debug;
		};
		11300F3328953E5E00BC51E4 /* Release */ = {
			isa = XCBuildConfiguration;
			baseConfigurationReference = DE667551734BA2BD261D694C /* Pods-Coder.release.xcconfig */;
			buildSettings = {
				ASSETCATALOG_COMPILER_APPICON_NAME = AppIcon;
				ASSETCATALOG_COMPILER_GLOBAL_ACCENT_COLOR_NAME = AccentColor;
				CODE_SIGN_STYLE = Automatic;
				CURRENT_PROJECT_VERSION = 1;
				DEVELOPMENT_TEAM = 3V6USXUV59;
				GENERATE_INFOPLIST_FILE = YES;
				INFOPLIST_FILE = Coder/Resources/Info.plist;
				INFOPLIST_KEY_UIApplicationSupportsIndirectInputEvents = YES;
				INFOPLIST_KEY_UILaunchStoryboardName = LaunchScreen;
				INFOPLIST_KEY_UISupportedInterfaceOrientations = UIInterfaceOrientationPortrait;
				INFOPLIST_KEY_UISupportedInterfaceOrientations_iPad = "UIInterfaceOrientationPortrait UIInterfaceOrientationPortraitUpsideDown UIInterfaceOrientationLandscapeLeft UIInterfaceOrientationLandscapeRight";
				INFOPLIST_KEY_UISupportedInterfaceOrientations_iPhone = "UIInterfaceOrientationPortrait UIInterfaceOrientationLandscapeLeft UIInterfaceOrientationLandscapeRight";
				IPHONEOS_DEPLOYMENT_TARGET = 13.0;
				LD_RUNPATH_SEARCH_PATHS = (
					"$(inherited)",
					"@executable_path/Frameworks",
				);
				MARKETING_VERSION = 1.0;
				PRODUCT_BUNDLE_IDENTIFIER = com.nick.Coder;
				PRODUCT_NAME = "$(TARGET_NAME)";
				SWIFT_EMIT_LOC_STRINGS = YES;
				SWIFT_VERSION = 5.0;
				TARGETED_DEVICE_FAMILY = 1;
			};
			name = Release;
		};
/* End XCBuildConfiguration section */

/* Begin XCConfigurationList section */
		11300F1828953E5D00BC51E4 /* Build configuration list for PBXProject "Coder" */ = {
			isa = XCConfigurationList;
			buildConfigurations = (
				11300F2F28953E5E00BC51E4 /* Debug */,
				11300F3028953E5E00BC51E4 /* Release */,
			);
			defaultConfigurationIsVisible = 0;
			defaultConfigurationName = Release;
		};
		11300F3128953E5E00BC51E4 /* Build configuration list for PBXNativeTarget "Coder" */ = {
			isa = XCConfigurationList;
			buildConfigurations = (
				11300F3228953E5E00BC51E4 /* Debug */,
				11300F3328953E5E00BC51E4 /* Release */,
			);
			defaultConfigurationIsVisible = 0;
			defaultConfigurationName = Release;
		};
/* End XCConfigurationList section */
	};
	rootObject = 11300F1528953E5D00BC51E4 /* Project object */;
}
